{
  "name": "officecli",
  "version": "0.2.69",
  "lockfileVersion": 3,
  "requires": true,
  "packages": {
    "": {
      "name": "officecli",
      "version": "0.2.69",
      "cpu": [
        "x64",
        "arm64"
      ],
      "hasInstallScript": true,
      "license": "UNLICENSED",
      "os": [
        "darwin",
        "linux",
        "win32"
      ],
      "bin": {
        "officecli": "bin/officecli.js",
        "officecli-dev": "bin/officecli-dev.js"
      },
      "engines": {
        "node": ">=18"
      }
    }
  }
}
